
Microsoft Visual Studio Solution File, Format Version 12.00
# Visual Studio Version 16
VisualStudioVersion = 16.0.29613.14
MinimumVisualStudioVersion = 10.0.40219.1
Project("{FAE04EC0-301F-11D3-BF4B-00C04F79EFBC}") = "Colorpicker.Android", "Colorpicker\Colorpicker.Android\Colorpicker.Android.csproj", "{E4C3A6A2-4ACE-4F63-9F6D-C5303DAA69B7}"
EndProject
Project("{FAE04EC0-301F-11D3-BF4B-00C04F79EFBC}") = "Colorpicker.iOS", "Colorpicker\Colorpicker.iOS\Colorpicker.iOS.csproj", "{9A068B21-BD4F-4053-9C10-AB22A2AF878F}"
EndProject
Project("{FAE04EC0-301F-11D3-BF4B-00C04F79EFBC}") = "Colorpicker", "Colorpicker\Colorpicker\Colorpicker.csproj", "{56EB9AAF-BF4A-44F1-8B69-F4E862368F08}"
EndProject
Global
	GlobalSection(SolutionConfigurationPlatforms) = preSolution
		Debug|Any CPU = Debug|Any CPU
		Debug|iPhone = Debug|iPhone
		Debug|iPhoneSimulator = Debug|iPhoneSimulator
		Release|Any CPU = Release|Any CPU
		Release|iPhone = Release|iPhone
		Release|iPhoneSimulator = Release|iPhoneSimulator
	EndGlobalSection
	GlobalSection(ProjectConfigurationPlatforms) = postSolution
		{E4C3A6A2-4ACE-4F63-9F6D-C5303DAA69B7}.Debug|Any CPU.ActiveCfg = Debug|Any CPU
		{E4C3A6A2-4ACE-4F63-9F6D-C5303DAA69B7}.Debug|Any CPU.Build.0 = Debug|Any CPU
		{E4C3A6A2-4ACE-4F63-9F6D-C5303DAA69B7}.Debug|Any CPU.Deploy.0 = Debug|Any CPU
		{E4C3A6A2-4ACE-4F63-9F6D-C5303DAA69B7}.Debug|iPhone.ActiveCfg = Debug|Any CPU
		{E4C3A6A2-4ACE-4F63-9F6D-C5303DAA69B7}.Debug|iPhone.Build.0 = Debug|Any CPU
		{E4C3A6A2-4ACE-4F63-9F6D-C5303DAA69B7}.Debug|iPhone.Deploy.0 = Debug|Any CPU
		{E4C3A6A2-4ACE-4F63-9F6D-C5303DAA69B7}.Debug|iPhoneSimulator.ActiveCfg = Debug|Any CPU
		{E4C3A6A2-4ACE-4F63-9F6D-C5303DAA69B7}.Debug|iPhoneSimulator.Build.0 = Debug|Any CPU
		{E4C3A6A2-4ACE-4F63-9F6D-C5303DAA69B7}.Debug|iPhoneSimulator.Deploy.0 = Debug|Any CPU
		{E4C3A6A2-4ACE-4F63-9F6D-C5303DAA69B7}.Release|Any CPU.ActiveCfg = Release|Any CPU
		{E4C3A6A2-4ACE-4F63-9F6D-C5303DAA69B7}.Release|Any CPU.Build.0 = Release|Any CPU
		{E4C3A6A2-4ACE-4F63-9F6D-C5303DAA69B7}.Release|Any CPU.Deploy.0 = Release|Any CPU
		{E4C3A6A2-4ACE-4F63-9F6D-C5303DAA69B7}.Release|iPhone.ActiveCfg = Release|Any CPU
		{E4C3A6A2-4ACE-4F63-9F6D-C5303DAA69B7}.Release|iPhone.Build.0 = Release|Any CPU
		{E4C3A6A2-4ACE-4F63-9F6D-C5303DAA69B7}.Release|iPhone.Deploy.0 = Release|Any CPU
		{E4C3A6A2-4ACE-4F63-9F6D-C5303DAA69B7}.Release|iPhoneSimulator.ActiveCfg = Release|Any CPU
		{E4C3A6A2-4ACE-4F63-9F6D-C5303DAA69B7}.Release|iPhoneSimulator.Build.0 = Release|Any CPU
		{E4C3A6A2-4ACE-4F63-9F6D-C5303DAA69B7}.Release|iPhoneSimulator.Deploy.0 = Release|Any CPU
		{9A068B21-BD4F-4053-9C10-AB22A2AF878F}.Debug|Any CPU.ActiveCfg = Debug|iPhoneSimulator
		{9A068B21-BD4F-4053-9C10-AB22A2AF878F}.Debug|Any CPU.Build.0 = Debug|iPhoneSimulator
		{9A068B21-BD4F-4053-9C10-AB22A2AF878F}.Debug|Any CPU.Deploy.0 = Debug|iPhoneSimulator
		{9A068B21-BD4F-4053-9C10-AB22A2AF878F}.Debug|iPhone.ActiveCfg = Debug|iPhone
		{9A068B21-BD4F-4053-9C10-AB22A2AF878F}.Debug|iPhone.Build.0 = Debug|iPhone
		{9A068B21-BD4F-4053-9C10-AB22A2AF878F}.Debug|iPhone.Deploy.0 = Debug|iPhone
		{9A068B21-BD4F-4053-9C10-AB22A2AF878F}.Debug|iPhoneSimulator.ActiveCfg = Debug|iPhoneSimulator
		{9A068B21-BD4F-4053-9C10-AB22A2AF878F}.Debug|iPhoneSimulator.Build.0 = Debug|iPhoneSimulator
		{9A068B21-BD4F-4053-9C10-AB22A2AF878F}.Debug|iPhoneSimulator.Deploy.0 = Debug|iPhoneSimulator
		{9A068B21-BD4F-4053-9C10-AB22A2AF878F}.Release|Any CPU.ActiveCfg = Release|iPhone
		{9A068B21-BD4F-4053-9C10-AB22A2AF878F}.Release|Any CPU.Build.0 = Release|iPhone
		{9A068B21-BD4F-4053-9C10-AB22A2AF878F}.Release|Any CPU.Deploy.0 = Release|iPhone
		{9A068B21-BD4F-4053-9C10-AB22A2AF878F}.Release|iPhone.ActiveCfg = Release|iPhone
		{9A068B21-BD4F-4053-9C10-AB22A2AF878F}.Release|iPhone.Build.0 = Release|iPhone
		{9A068B21-BD4F-4053-9C10-AB22A2AF878F}.Release|iPhone.Deploy.0 = Release|iPhone
		{9A068B21-BD4F-4053-9C10-AB22A2AF878F}.Release|iPhoneSimulator.ActiveCfg = Release|iPhoneSimulator
		{9A068B21-BD4F-4053-9C10-AB22A2AF878F}.Release|iPhoneSimulator.Build.0 = Release|iPhoneSimulator
		{9A068B21-BD4F-4053-9C10-AB22A2AF878F}.Release|iPhoneSimulator.Deploy.0 = Release|iPhoneSimulator
		{56EB9AAF-BF4A-44F1-8B69-F4E862368F08}.Debug|Any CPU.ActiveCfg = Debug|Any CPU
		{56EB9AAF-BF4A-44F1-8B69-F4E862368F08}.Debug|Any CPU.Build.0 = Debug|Any CPU
		{56EB9AAF-BF4A-44F1-8B69-F4E862368F08}.Debug|Any CPU.Deploy.0 = Debug|Any CPU
		{56EB9AAF-BF4A-44F1-8B69-F4E862368F08}.Debug|iPhone.ActiveCfg = Debug|Any CPU
		{56EB9AAF-BF4A-44F1-8B69-F4E862368F08}.Debug|iPhone.Build.0 = Debug|Any CPU
		{56EB9AAF-BF4A-44F1-8B69-F4E862368F08}.Debug|iPhone.Deploy.0 = Debug|Any CPU
		{56EB9AAF-BF4A-44F1-8B69-F4E862368F08}.Debug|iPhoneSimulator.ActiveCfg = Debug|Any CPU
		{56EB9AAF-BF4A-44F1-8B69-F4E862368F08}.Debug|iPhoneSimulator.Build.0 = Debug|Any CPU
		{56EB9AAF-BF4A-44F1-8B69-F4E862368F08}.Debug|iPhoneSimulator.Deploy.0 = Debug|Any CPU
		{56EB9AAF-BF4A-44F1-8B69-F4E862368F08}.Release|Any CPU.ActiveCfg = Release|Any CPU
		{56EB9AAF-BF4A-44F1-8B69-F4E862368F08}.Release|Any CPU.Build.0 = Release|Any CPU
		{56EB9AAF-BF4A-44F1-8B69-F4E862368F08}.Release|Any CPU.Deploy.0 = Release|Any CPU
		{56EB9AAF-BF4A-44F1-8B69-F4E862368F08}.Release|iPhone.ActiveCfg = Release|Any CPU
		{56EB9AAF-BF4A-44F1-8B69-F4E862368F08}.Release|iPhone.Build.0 = Release|Any CPU
		{56EB9AAF-BF4A-44F1-8B69-F4E862368F08}.Release|iPhone.Deploy.0 = Release|Any CPU
		{56EB9AAF-BF4A-44F1-8B69-F4E862368F08}.Release|iPhoneSimulator.ActiveCfg = Release|Any CPU
		{56EB9AAF-BF4A-44F1-8B69-F4E862368F08}.Release|iPhoneSimulator.Build.0 = Release|Any CPU
		{56EB9AAF-BF4A-44F1-8B69-F4E862368F08}.Release|iPhoneSimulator.Deploy.0 = Release|Any CPU
	EndGlobalSection
	GlobalSection(SolutionProperties) = preSolution
		HideSolutionNode = FALSE
	EndGlobalSection
	GlobalSection(ExtensibilityGlobals) = postSolution
		SolutionGuid = {4C8FA82D-D048-4589-908D-3527ABDFC7DD}
	EndGlobalSection
EndGlobal
